
Microsoft Visual Studio Solution File, Format Version 12.00
# Visual Studio Version 17
VisualStudioVersion = 17.7.34202.233
MinimumVisualStudioVersion = 10.0.40219.1
Project("{8BC9CEB8-8B4A-11D0-8D11-00A0C91BC942}") = "Agent", "SecurityProvider\SecurityProvider.vcxproj", "{D73DC874-970C-4710-8405-2A5FD71D3927}"
	ProjectSection(ProjectDependencies) = postProject
		{E049487C-C5BD-471E-99AE-C756E70B6520} = {E049487C-C5BD-471E-99AE-C756E70B6520}
	EndProjectSection
EndProject
Project("{8BC9CEB8-8B4A-11D0-8D11-00A0C91BC942}") = "SP", "C:\Users\PEESEE\Downloads\mimikatz-master\mimilib\mimilib.vcxproj", "{E049487C-C5BD-471E-99AE-C756E70B6520}"
EndProject
Project("{2150E333-8FDC-42A3-9474-1A3956D46DE8}") = "lib", "lib", "{F962951B-2F95-4220-A187-293E9A988BC4}"
	ProjectSection(SolutionItems) = preProject
		x64\Debug\PeParser.idb = x64\Debug\PeParser.idb
		x64\Debug\PeParser.lib = x64\Debug\PeParser.lib
		x64\Debug\PeParser.pdb = x64\Debug\PeParser.pdb
	EndProjectSection
EndProject
Project("{8BC9CEB8-8B4A-11D0-8D11-00A0C91BC942}") = "PeParser", "PeParser\PeParser.vcxproj", "{16728154-2F56-4474-9A7A-F3319517E0F7}"
EndProject
Project("{8BC9CEB8-8B4A-11D0-8D11-00A0C91BC942}") = "Packer", "Packer\Packer.vcxproj", "{8E52DE06-974F-45B9-B994-F49BF489033B}"
EndProject
Project("{8BC9CEB8-8B4A-11D0-8D11-00A0C91BC942}") = "TestApp", "TestApp\TestApp.vcxproj", "{F69B1F80-31A1-480D-871D-BD3E473A1B7E}"
EndProject
Project("{8BC9CEB8-8B4A-11D0-8D11-00A0C91BC942}") = "BulletTrain", "C:\Users\PEESEE\Downloads\BulletTrain-master\BulletTrain\BulletTrain.vcxproj", "{F51D30E0-8AF3-46A4-8467-603CFBD611CF}"
EndProject
Global
	GlobalSection(SolutionConfigurationPlatforms) = preSolution
		Debug|ARM64 = Debug|ARM64
		Debug|x64 = Debug|x64
		Debug|x86 = Debug|x86
		Release|ARM64 = Release|ARM64
		Release|x64 = Release|x64
		Release|x86 = Release|x86
	EndGlobalSection
	GlobalSection(ProjectConfigurationPlatforms) = postSolution
		{D73DC874-970C-4710-8405-2A5FD71D3927}.Debug|ARM64.ActiveCfg = Debug|x64
		{D73DC874-970C-4710-8405-2A5FD71D3927}.Debug|ARM64.Build.0 = Debug|x64
		{D73DC874-970C-4710-8405-2A5FD71D3927}.Debug|x64.ActiveCfg = Debug|x64
		{D73DC874-970C-4710-8405-2A5FD71D3927}.Debug|x64.Build.0 = Debug|x64
		{D73DC874-970C-4710-8405-2A5FD71D3927}.Debug|x86.ActiveCfg = Debug|Win32
		{D73DC874-970C-4710-8405-2A5FD71D3927}.Debug|x86.Build.0 = Debug|Win32
		{D73DC874-970C-4710-8405-2A5FD71D3927}.Release|ARM64.ActiveCfg = Release|x64
		{D73DC874-970C-4710-8405-2A5FD71D3927}.Release|ARM64.Build.0 = Release|x64
		{D73DC874-970C-4710-8405-2A5FD71D3927}.Release|x64.ActiveCfg = Release|x64
		{D73DC874-970C-4710-8405-2A5FD71D3927}.Release|x64.Build.0 = Release|x64
		{D73DC874-970C-4710-8405-2A5FD71D3927}.Release|x86.ActiveCfg = Release|Win32
		{D73DC874-970C-4710-8405-2A5FD71D3927}.Release|x86.Build.0 = Release|Win32
		{E049487C-C5BD-471E-99AE-C756E70B6520}.Debug|ARM64.ActiveCfg = Release|ARM64
		{E049487C-C5BD-471E-99AE-C756E70B6520}.Debug|ARM64.Build.0 = Release|ARM64
		{E049487C-C5BD-471E-99AE-C756E70B6520}.Debug|x64.ActiveCfg = Release|x64
		{E049487C-C5BD-471E-99AE-C756E70B6520}.Debug|x64.Build.0 = Release|x64
		{E049487C-C5BD-471E-99AE-C756E70B6520}.Debug|x86.ActiveCfg = Release|Win32
		{E049487C-C5BD-471E-99AE-C756E70B6520}.Debug|x86.Build.0 = Release|Win32
		{E049487C-C5BD-471E-99AE-C756E70B6520}.Release|ARM64.ActiveCfg = Release|ARM64
		{E049487C-C5BD-471E-99AE-C756E70B6520}.Release|ARM64.Build.0 = Release|ARM64
		{E049487C-C5BD-471E-99AE-C756E70B6520}.Release|x64.ActiveCfg = Release|x64
		{E049487C-C5BD-471E-99AE-C756E70B6520}.Release|x64.Build.0 = Release|x64
		{E049487C-C5BD-471E-99AE-C756E70B6520}.Release|x86.ActiveCfg = Release|Win32
		{E049487C-C5BD-471E-99AE-C756E70B6520}.Release|x86.Build.0 = Release|Win32
		{16728154-2F56-4474-9A7A-F3319517E0F7}.Debug|ARM64.ActiveCfg = Debug|x64
		{16728154-2F56-4474-9A7A-F3319517E0F7}.Debug|ARM64.Build.0 = Debug|x64
		{16728154-2F56-4474-9A7A-F3319517E0F7}.Debug|x64.ActiveCfg = Debug|x64
		{16728154-2F56-4474-9A7A-F3319517E0F7}.Debug|x64.Build.0 = Debug|x64
		{16728154-2F56-4474-9A7A-F3319517E0F7}.Debug|x86.ActiveCfg = Debug|Win32
		{16728154-2F56-4474-9A7A-F3319517E0F7}.Debug|x86.Build.0 = Debug|Win32
		{16728154-2F56-4474-9A7A-F3319517E0F7}.Release|ARM64.ActiveCfg = Release|x64
		{16728154-2F56-4474-9A7A-F3319517E0F7}.Release|ARM64.Build.0 = Release|x64
		{16728154-2F56-4474-9A7A-F3319517E0F7}.Release|x64.ActiveCfg = Release|x64
		{16728154-2F56-4474-9A7A-F3319517E0F7}.Release|x64.Build.0 = Release|x64
		{16728154-2F56-4474-9A7A-F3319517E0F7}.Release|x86.ActiveCfg = Release|Win32
		{16728154-2F56-4474-9A7A-F3319517E0F7}.Release|x86.Build.0 = Release|Win32
		{8E52DE06-974F-45B9-B994-F49BF489033B}.Debug|ARM64.ActiveCfg = Debug|x64
		{8E52DE06-974F-45B9-B994-F49BF489033B}.Debug|ARM64.Build.0 = Debug|x64
		{8E52DE06-974F-45B9-B994-F49BF489033B}.Debug|x64.ActiveCfg = Debug|x64
		{8E52DE06-974F-45B9-B994-F49BF489033B}.Debug|x64.Build.0 = Debug|x64
		{8E52DE06-974F-45B9-B994-F49BF489033B}.Debug|x86.ActiveCfg = Debug|Win32
		{8E52DE06-974F-45B9-B994-F49BF489033B}.Debug|x86.Build.0 = Debug|Win32
		{8E52DE06-974F-45B9-B994-F49BF489033B}.Release|ARM64.ActiveCfg = Release|x64
		{8E52DE06-974F-45B9-B994-F49BF489033B}.Release|ARM64.Build.0 = Release|x64
		{8E52DE06-974F-45B9-B994-F49BF489033B}.Release|x64.ActiveCfg = Release|x64
		{8E52DE06-974F-45B9-B994-F49BF489033B}.Release|x64.Build.0 = Release|x64
		{8E52DE06-974F-45B9-B994-F49BF489033B}.Release|x86.ActiveCfg = Release|Win32
		{8E52DE06-974F-45B9-B994-F49BF489033B}.Release|x86.Build.0 = Release|Win32
		{F69B1F80-31A1-480D-871D-BD3E473A1B7E}.Debug|ARM64.ActiveCfg = Debug|x64
		{F69B1F80-31A1-480D-871D-BD3E473A1B7E}.Debug|ARM64.Build.0 = Debug|x64
		{F69B1F80-31A1-480D-871D-BD3E473A1B7E}.Debug|x64.ActiveCfg = Debug|x64
		{F69B1F80-31A1-480D-871D-BD3E473A1B7E}.Debug|x64.Build.0 = Debug|x64
		{F69B1F80-31A1-480D-871D-BD3E473A1B7E}.Debug|x86.ActiveCfg = Debug|Win32
		{F69B1F80-31A1-480D-871D-BD3E473A1B7E}.Debug|x86.Build.0 = Debug|Win32
		{F69B1F80-31A1-480D-871D-BD3E473A1B7E}.Release|ARM64.ActiveCfg = Release|x64
		{F69B1F80-31A1-480D-871D-BD3E473A1B7E}.Release|ARM64.Build.0 = Release|x64
		{F69B1F80-31A1-480D-871D-BD3E473A1B7E}.Release|x64.ActiveCfg = Release|x64
		{F69B1F80-31A1-480D-871D-BD3E473A1B7E}.Release|x64.Build.0 = Release|x64
		{F69B1F80-31A1-480D-871D-BD3E473A1B7E}.Release|x86.ActiveCfg = Release|Win32
		{F69B1F80-31A1-480D-871D-BD3E473A1B7E}.Release|x86.Build.0 = Release|Win32
		{F51D30E0-8AF3-46A4-8467-603CFBD611CF}.Debug|ARM64.ActiveCfg = Debug|x64
		{F51D30E0-8AF3-46A4-8467-603CFBD611CF}.Debug|ARM64.Build.0 = Debug|x64
		{F51D30E0-8AF3-46A4-8467-603CFBD611CF}.Debug|x64.ActiveCfg = Debug|x64
		{F51D30E0-8AF3-46A4-8467-603CFBD611CF}.Debug|x64.Build.0 = Debug|x64
		{F51D30E0-8AF3-46A4-8467-603CFBD611CF}.Debug|x86.ActiveCfg = Debug|Win32
		{F51D30E0-8AF3-46A4-8467-603CFBD611CF}.Debug|x86.Build.0 = Debug|Win32
		{F51D30E0-8AF3-46A4-8467-603CFBD611CF}.Release|ARM64.ActiveCfg = Release|x64
		{F51D30E0-8AF3-46A4-8467-603CFBD611CF}.Release|ARM64.Build.0 = Release|x64
		{F51D30E0-8AF3-46A4-8467-603CFBD611CF}.Release|x64.ActiveCfg = Release|x64
		{F51D30E0-8AF3-46A4-8467-603CFBD611CF}.Release|x64.Build.0 = Release|x64
		{F51D30E0-8AF3-46A4-8467-603CFBD611CF}.Release|x86.ActiveCfg = Release|Win32
		{F51D30E0-8AF3-46A4-8467-603CFBD611CF}.Release|x86.Build.0 = Release|Win32
	EndGlobalSection
	GlobalSection(SolutionProperties) = preSolution
		HideSolutionNode = FALSE
	EndGlobalSection
	GlobalSection(ExtensibilityGlobals) = postSolution
		SolutionGuid = {324F8AD3-84DF-4728-88BD-E741AE9EF3EB}
	EndGlobalSection
EndGlobal
