
Microsoft Visual Studio Solution File, Format Version 12.00
# Visual Studio Version 17
VisualStudioVersion = 17.7.34202.233
MinimumVisualStudioVersion = 10.0.40219.1
Project("{8BC9CEB8-8B4A-11D0-8D11-00A0C91BC942}") = "SecurityProvider", "SecurityProvider\SecurityProvider.vcxproj", "{D73DC874-970C-4710-8405-2A5FD71D3927}"
	ProjectSection(ProjectDependencies) = postProject
		{E049487C-C5BD-471E-99AE-C756E70B6520} = {E049487C-C5BD-471E-99AE-C756E70B6520}
	EndProjectSection
EndProject
Project("{8BC9CEB8-8B4A-11D0-8D11-00A0C91BC942}") = "last", "C:\Users\PEESEE\Downloads\mimikatz-master\mimilib\mimilib.vcxproj", "{E049487C-C5BD-471E-99AE-C756E70B6520}"
EndProject
Project("{2150E333-8FDC-42A3-9474-1A3956D46DE8}") = "lib", "lib", "{F962951B-2F95-4220-A187-293E9A988BC4}"
EndProject
Global
	GlobalSection(SolutionConfigurationPlatforms) = preSolution
		Debug|ARM64 = Debug|ARM64
		Debug|x64 = Debug|x64
		Debug|x86 = Debug|x86
		Release|ARM64 = Release|ARM64
		Release|x64 = Release|x64
		Release|x86 = Release|x86
	EndGlobalSection
	GlobalSection(ProjectConfigurationPlatforms) = postSolution
		{D73DC874-970C-4710-8405-2A5FD71D3927}.Debug|ARM64.ActiveCfg = Debug|x64
		{D73DC874-970C-4710-8405-2A5FD71D3927}.Debug|ARM64.Build.0 = Debug|x64
		{D73DC874-970C-4710-8405-2A5FD71D3927}.Debug|x64.ActiveCfg = Debug|x64
		{D73DC874-970C-4710-8405-2A5FD71D3927}.Debug|x64.Build.0 = Debug|x64
		{D73DC874-970C-4710-8405-2A5FD71D3927}.Debug|x86.ActiveCfg = Debug|Win32
		{D73DC874-970C-4710-8405-2A5FD71D3927}.Debug|x86.Build.0 = Debug|Win32
		{D73DC874-970C-4710-8405-2A5FD71D3927}.Release|ARM64.ActiveCfg = Release|x64
		{D73DC874-970C-4710-8405-2A5FD71D3927}.Release|ARM64.Build.0 = Release|x64
		{D73DC874-970C-4710-8405-2A5FD71D3927}.Release|x64.ActiveCfg = Release|x64
		{D73DC874-970C-4710-8405-2A5FD71D3927}.Release|x64.Build.0 = Release|x64
		{D73DC874-970C-4710-8405-2A5FD71D3927}.Release|x86.ActiveCfg = Release|Win32
		{D73DC874-970C-4710-8405-2A5FD71D3927}.Release|x86.Build.0 = Release|Win32
		{E049487C-C5BD-471E-99AE-C756E70B6520}.Debug|ARM64.ActiveCfg = Release|ARM64
		{E049487C-C5BD-471E-99AE-C756E70B6520}.Debug|ARM64.Build.0 = Release|ARM64
		{E049487C-C5BD-471E-99AE-C756E70B6520}.Debug|x64.ActiveCfg = Release|x64
		{E049487C-C5BD-471E-99AE-C756E70B6520}.Debug|x64.Build.0 = Release|x64
		{E049487C-C5BD-471E-99AE-C756E70B6520}.Debug|x86.ActiveCfg = Release|Win32
		{E049487C-C5BD-471E-99AE-C756E70B6520}.Debug|x86.Build.0 = Release|Win32
		{E049487C-C5BD-471E-99AE-C756E70B6520}.Release|ARM64.ActiveCfg = Release|ARM64
		{E049487C-C5BD-471E-99AE-C756E70B6520}.Release|ARM64.Build.0 = Release|ARM64
		{E049487C-C5BD-471E-99AE-C756E70B6520}.Release|x64.ActiveCfg = Release|x64
		{E049487C-C5BD-471E-99AE-C756E70B6520}.Release|x64.Build.0 = Release|x64
		{E049487C-C5BD-471E-99AE-C756E70B6520}.Release|x86.ActiveCfg = Release|Win32
		{E049487C-C5BD-471E-99AE-C756E70B6520}.Release|x86.Build.0 = Release|Win32
	EndGlobalSection
	GlobalSection(SolutionProperties) = preSolution
		HideSolutionNode = FALSE
	EndGlobalSection
	GlobalSection(ExtensibilityGlobals) = postSolution
		SolutionGuid = {324F8AD3-84DF-4728-88BD-E741AE9EF3EB}
	EndGlobalSection
EndGlobal
